github.com/go-playground/assert/v2 v2.2.0 h1:JvknZsQTYeFEAhQwI4qEt9cyV5ONwRHC+lYKSsYSR8s=
github.com/go-playground/assert/v2 v2.2.0/go.mod h1:VDjEfimB/XKnb+ZQfWdccd7VUvScMdVu0Titje2rxJ4=
github.com/go-playground/pkg/v5 v5.14.0 h1:nyuAS59khNQnMVCqLTuMFvQqnZXQf29L86IX+T/Ns+Q=
github.com/go-playground/pkg/v5 v5.14.0/go.mod h1:eT8XZeFHnqZkfkpkbI8ayjfCw9GohV2/j8STbVmoR6s=
