github.com/go-playground/assert/v2 v2.2.0 h1:JvknZsQTYeFEAhQwI4qEt9cyV5ONwRHC+lYKSsYSR8s=
github.com/go-playground/assert/v2 v2.2.0/go.mod h1:VDjEfimB/XKnb+ZQfWdccd7VUvScMdVu0Titje2rxJ4=
github.com/go-playground/pkg/v5 v5.13.0 h1:qjYNqD8pSo2WiofRvzAOknc+3Hq5Rl5nR0U9a5469II=
github.com/go-playground/pkg/v5 v5.13.0/go.mod h1:eT8XZeFHnqZkfkpkbI8ayjfCw9GohV2/j8STbVmoR6s=
